// !$*UTF8*$!
{
	archiveVersion = 1;
	classes = {
	};
	objectVersion = 46;
	objects = {

/* Begin PBXBuildFile section */
		4A1E0DC11CE64D9F003C1611 /* DisplayView.m in Sources */ = {isa = PBXBuildFile; fileRef = 4A1E0DC01CE64D9F003C1611 /* DisplayView.m */; };
		4A1E0DC41CE6B7D3003C1611 /* Server.m in Sources */ = {isa = PBXBuildFile; fileRef = 4A1E0DC31CE6B7D3003C1611 /* Server.m */; };
		4A1E0DC71CE6FE9D003C1611 /* DisplayImage.m in Sources */ = {isa = PBXBuildFile; fileRef = 4A1E0DC61CE6FE9D003C1611 /* DisplayImage.m */; };
		4A40BFFE1CE58FE5001B6A68 /* AppDelegate.m in Sources */ = {isa = PBXBuildFile; fileRef = 4A40BFFD1CE58FE5001B6A68 /* AppDelegate.m */; };
		4A40C0011CE58FE5001B6A68 /* main.m in Sources */ = {isa = PBXBuildFile; fileRef = 4A40C0001CE58FE5001B6A68 /* main.m */; };
		4A40C0041CE58FE5001B6A68 /* ViewController.m in Sources */ = {isa = PBXBuildFile; fileRef = 4A40C0031CE58FE5001B6A68 /* ViewController.m */; };
		4A40C0061CE58FE5001B6A68 /* Assets.xcassets in Resources */ = {isa = PBXBuildFile; fileRef = 4A40C0051CE58FE5001B6A68 /* Assets.xcassets */; };
		4A40C0091CE58FE5001B6A68 /* Main.storyboard in Resources */ = {isa = PBXBuildFile; fileRef = 4A40C0071CE58FE5001B6A68 /* Main.storyboard */; };
/* End PBXBuildFile section */

/* Begin PBXFileReference section */
		4A1E0DBF1CE64D9F003C1611 /* DisplayView.h */ = {isa = PBXFileReference; fileEncoding = 4; lastKnownFileType = sourcecode.c.h; path = DisplayView.h; sourceTree = "<group>"; };
		4A1E0DC01CE64D9F003C1611 /* DisplayView.m */ = {isa = PBXFileReference; fileEncoding = 4; lastKnownFileType = sourcecode.c.objc; path = DisplayView.m; sourceTree = "<group>"; };
		4A1E0DC21CE6B7D3003C1611 /* Server.h */ = {isa = PBXFileReference; fileEncoding = 4; lastKnownFileType = sourcecode.c.h; path = Server.h; sourceTree = "<group>"; };
		4A1E0DC31CE6B7D3003C1611 /* Server.m */ = {isa = PBXFileReference; fileEncoding = 4; lastKnownFileType = sourcecode.c.objc; path = Server.m; sourceTree = "<group>"; };
		4A1E0DC51CE6FE9D003C1611 /* DisplayImage.h */ = {isa = PBXFileReference; fileEncoding = 4; lastKnownFileType = sourcecode.c.h; path = DisplayImage.h; sourceTree = "<group>"; };
		4A1E0DC61CE6FE9D003C1611 /* DisplayImage.m */ = {isa = PBXFileReference; fileEncoding = 4; lastKnownFileType = sourcecode.c.objc; path = DisplayImage.m; sourceTree = "<group>"; };
		4A1E0DC81CE7A701003C1611 /* BasicTypes.h */ = {isa = PBXFileReference; lastKnownFileType = sourcecode.c.h; path = BasicTypes.h; sourceTree = "<group>"; };
		4A33A5571CE982C7009DEB3A /* device.h */ = {isa = PBXFileReference; fileEncoding = 4; lastKnownFileType = sourcecode.c.h; path = device.h; sourceTree = "<group>"; };
		4A40BFF91CE58FE5001B6A68 /* fpgasim.app */ = {isa = PBXFileReference; explicitFileType = wrapper.application; includeInIndex = 0; path = fpgasim.app; sourceTree = BUILT_PRODUCTS_DIR; };
		4A40BFFC1CE58FE5001B6A68 /* AppDelegate.h */ = {isa = PBXFileReference; lastKnownFileType = sourcecode.c.h; path = AppDelegate.h; sourceTree = "<group>"; };
		4A40BFFD1CE58FE5001B6A68 /* AppDelegate.m */ = {isa = PBXFileReference; lastKnownFileType = sourcecode.c.objc; path = AppDelegate.m; sourceTree = "<group>"; };
		4A40C0001CE58FE5001B6A68 /* main.m */ = {isa = PBXFileReference; lastKnownFileType = sourcecode.c.objc; path = main.m; sourceTree = "<group>"; };
		4A40C0021CE58FE5001B6A68 /* ViewController.h */ = {isa = PBXFileReference; lastKnownFileType = sourcecode.c.h; path = ViewController.h; sourceTree = "<group>"; };
		4A40C0031CE58FE5001B6A68 /* ViewController.m */ = {isa = PBXFileReference; lastKnownFileType = sourcecode.c.objc; path = ViewController.m; sourceTree = "<group>"; };
		4A40C0051CE58FE5001B6A68 /* Assets.xcassets */ = {isa = PBXFileReference; lastKnownFileType = folder.assetcatalog; path = Assets.xcassets; sourceTree = "<group>"; };
		4A40C0081CE58FE5001B6A68 /* Base */ = {isa = PBXFileReference; lastKnownFileType = file.storyboard; name = Base; path = Base.lproj/Main.storyboard; sourceTree = "<group>"; };
		4A40C00A1CE58FE5001B6A68 /* Info.plist */ = {isa = PBXFileReference; lastKnownFileType = text.plist.xml; path = Info.plist; sourceTree = "<group>"; };
/* End PBXFileReference section */

/* Begin PBXFrameworksBuildPhase section */
		4A40BFF61CE58FE5001B6A68 /* Frameworks */ = {
			isa = PBXFrameworksBuildPhase;
			buildActionMask = 2147483647;
			files = (
			);
			runOnlyForDeploymentPostprocessing = 0;
		};
/* End PBXFrameworksBuildPhase section */

/* Begin PBXGroup section */
		4A40BFF01CE58FE5001B6A68 = {
			isa = PBXGroup;
			children = (
				4A40BFFB1CE58FE5001B6A68 /* fpgasim */,
				4A40BFFA1CE58FE5001B6A68 /* Products */,
			);
			sourceTree = "<group>";
		};
		4A40BFFA1CE58FE5001B6A68 /* Products */ = {
			isa = PBXGroup;
			children = (
				4A40BFF91CE58FE5001B6A68 /* fpgasim.app */,
			);
			name = Products;
			sourceTree = "<group>";
		};
		4A40BFFB1CE58FE5001B6A68 /* fpgasim */ = {
			isa = PBXGroup;
			children = (
				4A33A5571CE982C7009DEB3A /* device.h */,
				4A40BFFC1CE58FE5001B6A68 /* AppDelegate.h */,
				4A40BFFD1CE58FE5001B6A68 /* AppDelegate.m */,
				4A40C0021CE58FE5001B6A68 /* ViewController.h */,
				4A40C0031CE58FE5001B6A68 /* ViewController.m */,
				4A40C0051CE58FE5001B6A68 /* Assets.xcassets */,
				4A40C0071CE58FE5001B6A68 /* Main.storyboard */,
				4A40C00A1CE58FE5001B6A68 /* Info.plist */,
				4A40BFFF1CE58FE5001B6A68 /* Supporting Files */,
				4A1E0DBF1CE64D9F003C1611 /* DisplayView.h */,
				4A1E0DC01CE64D9F003C1611 /* DisplayView.m */,
				4A1E0DC21CE6B7D3003C1611 /* Server.h */,
				4A1E0DC31CE6B7D3003C1611 /* Server.m */,
				4A1E0DC51CE6FE9D003C1611 /* DisplayImage.h */,
				4A1E0DC61CE6FE9D003C1611 /* DisplayImage.m */,
				4A1E0DC81CE7A701003C1611 /* BasicTypes.h */,
			);
			path = fpgasim;
			sourceTree = "<group>";
		};
		4A40BFFF1CE58FE5001B6A68 /* Supporting Files */ = {
			isa = PBXGroup;
			children = (
				4A40C0001CE58FE5001B6A68 /* main.m */,
			);
			name = "Supporting Files";
			sourceTree = "<group>";
		};
/* End PBXGroup section */

/* Begin PBXNativeTarget section */
		4A40BFF81CE58FE5001B6A68 /* fpgasim */ = {
			isa = PBXNativeTarget;
			buildConfigurationList = 4A40C00D1CE58FE5001B6A68 /* Build configuration list for PBXNativeTarget "fpgasim" */;
			buildPhases = (
				4A40BFF51CE58FE5001B6A68 /* Sources */,
				4A40BFF61CE58FE5001B6A68 /* Frameworks */,
				4A40BFF71CE58FE5001B6A68 /* Resources */,
			);
			buildRules = (
			);
			dependencies = (
			);
			name = fpgasim;
			productName = fpgasim;
			productReference = 4A40BFF91CE58FE5001B6A68 /* fpgasim.app */;
			productType = "com.apple.product-type.application";
		};
/* End PBXNativeTarget section */

/* Begin PBXProject section */
		4A40BFF11CE58FE5001B6A68 /* Project object */ = {
			isa = PBXProject;
			attributes = {
				LastUpgradeCheck = 0720;
				ORGANIZATIONNAME = "Earwig, Inc.";
				TargetAttributes = {
					4A40BFF81CE58FE5001B6A68 = {
						CreatedOnToolsVersion = 7.2.1;
					};
				};
			};
			buildConfigurationList = 4A40BFF41CE58FE5001B6A68 /* Build configuration list for PBXProject "fpgasim" */;
			compatibilityVersion = "Xcode 3.2";
			developmentRegion = English;
			hasScannedForEncodings = 0;
			knownRegions = (
				en,
				Base,
			);
			mainGroup = 4A40BFF01CE58FE5001B6A68;
			productRefGroup = 4A40BFFA1CE58FE5001B6A68 /* Products */;
			projectDirPath = "";
			projectRoot = "";
			targets = (
				4A40BFF81CE58FE5001B6A68 /* fpgasim */,
			);
		};
/* End PBXProject section */

/* Begin PBXResourcesBuildPhase section */
		4A40BFF71CE58FE5001B6A68 /* Resources */ = {
			isa = PBXResourcesBuildPhase;
			buildActionMask = 2147483647;
			files = (
				4A40C0061CE58FE5001B6A68 /* Assets.xcassets in Resources */,
				4A40C0091CE58FE5001B6A68 /* Main.storyboard in Resources */,
			);
			runOnlyForDeploymentPostprocessing = 0;
		};
/* End PBXResourcesBuildPhase section */

/* Begin PBXSourcesBuildPhase section */
		4A40BFF51CE58FE5001B6A68 /* Sources */ = {
			isa = PBXSourcesBuildPhase;
			buildActionMask = 2147483647;
			files = (
				4A40C0041CE58FE5001B6A68 /* ViewController.m in Sources */,
				4A1E0DC11CE64D9F003C1611 /* DisplayView.m in Sources */,
				4A40C0011CE58FE5001B6A68 /* main.m in Sources */,
				4A40BFFE1CE58FE5001B6A68 /* AppDelegate.m in Sources */,
				4A1E0DC71CE6FE9D003C1611 /* DisplayImage.m in Sources */,
				4A1E0DC41CE6B7D3003C1611 /* Server.m in Sources */,
			);
			runOnlyForDeploymentPostprocessing = 0;
		};
/* End PBXSourcesBuildPhase section */

/* Begin PBXVariantGroup section */
		4A40C0071CE58FE5001B6A68 /* Main.storyboard */ = {
			isa = PBXVariantGroup;
			children = (
				4A40C0081CE58FE5001B6A68 /* Base */,
			);
			name = Main.storyboard;
			sourceTree = "<group>";
		};
/* End PBXVariantGroup section */

/* Begin XCBuildConfiguration section */
		4A40C00B1CE58FE5001B6A68 /* Debug */ = {
			isa = XCBuildConfiguration;
			buildSettings = {
				ALWAYS_SEARCH_USER_PATHS = NO;
				CLANG_CXX_LANGUAGE_STANDARD = "gnu++0x";
				CLANG_CXX_LIBRARY = "libc++";
				CLANG_ENABLE_MODULES = YES;
				CLANG_ENABLE_OBJC_ARC = YES;
				CLANG_WARN_BOOL_CONVERSION = YES;
				CLANG_WARN_CONSTANT_CONVERSION = YES;
				CLANG_WARN_DIRECT_OBJC_ISA_USAGE = YES_ERROR;
				CLANG_WARN_EMPTY_BODY = YES;
				CLANG_WARN_ENUM_CONVERSION = YES;
				CLANG_WARN_INT_CONVERSION = YES;
				CLANG_WARN_OBJC_ROOT_CLASS = YES_ERROR;
				CLANG_WARN_UNREACHABLE_CODE = YES;
				CLANG_WARN__DUPLICATE_METHOD_MATCH = YES;
				CODE_SIGN_IDENTITY = "-";
				COPY_PHASE_STRIP = NO;
				DEBUG_INFORMATION_FORMAT = dwarf;
				ENABLE_STRICT_OBJC_MSGSEND = YES;
				ENABLE_TESTABILITY = YES;
				GCC_C_LANGUAGE_STANDARD = gnu99;
				GCC_DYNAMIC_NO_PIC = NO;
				GCC_NO_COMMON_BLOCKS = YES;
				GCC_OPTIMIZATION_LEVEL = 0;
				GCC_PREPROCESSOR_DEFINITIONS = (
					"DEBUG=1",
					"$(inherited)",
				);
				GCC_WARN_64_TO_32_BIT_CONVERSION = YES;
				GCC_WARN_ABOUT_RETURN_TYPE = YES_ERROR;
				GCC_WARN_UNDECLARED_SELECTOR = YES;
				GCC_WARN_UNINITIALIZED_AUTOS = YES_AGGRESSIVE;
				GCC_WARN_UNUSED_FUNCTION = YES;
				GCC_WARN_UNUSED_VARIABLE = YES;
				MACOSX_DEPLOYMENT_TARGET = 10.10;
				MTL_ENABLE_DEBUG_INFO = YES;
				ONLY_ACTIVE_ARCH = YES;
				SDKROOT = macosx;
			};
			name = Debug;
		};
		4A40C00C1CE58FE5001B6A68 /* Release */ = {
			isa = XCBuildConfiguration;
			buildSettings = {
				ALWAYS_SEARCH_USER_PATHS = NO;
				CLANG_CXX_LANGUAGE_STANDARD = "gnu++0x";
				CLANG_CXX_LIBRARY = "libc++";
				CLANG_ENABLE_MODULES = YES;
				CLANG_ENABLE_OBJC_ARC = YES;
				CLANG_WARN_BOOL_CONVERSION = YES;
				CLANG_WARN_CONSTANT_CONVERSION = YES;
				CLANG_WARN_DIRECT_OBJC_ISA_USAGE = YES_ERROR;
				CLANG_WARN_EMPTY_BODY = YES;
				CLANG_WARN_ENUM_CONVERSION = YES;
				CLANG_WARN_INT_CONVERSION = YES;
				CLANG_WARN_OBJC_ROOT_CLASS = YES_ERROR;
				CLANG_WARN_UNREACHABLE_CODE = YES;
				CLANG_WARN__DUPLICATE_METHOD_MATCH = YES;
				CODE_SIGN_IDENTITY = "-";
				COPY_PHASE_STRIP = NO;
				DEBUG_INFORMATION_FORMAT = "dwarf-with-dsym";
				ENABLE_NS_ASSERTIONS = NO;
				ENABLE_STRICT_OBJC_MSGSEND = YES;
				GCC_C_LANGUAGE_STANDARD = gnu99;
				GCC_NO_COMMON_BLOCKS = YES;
				GCC_WARN_64_TO_32_BIT_CONVERSION = YES;
				GCC_WARN_ABOUT_RETURN_TYPE = YES_ERROR;
				GCC_WARN_UNDECLARED_SELECTOR = YES;
				GCC_WARN_UNINITIALIZED_AUTOS = YES_AGGRESSIVE;
				GCC_WARN_UNUSED_FUNCTION = YES;
				GCC_WARN_UNUSED_VARIABLE = YES;
				MACOSX_DEPLOYMENT_TARGET = 10.10;
				MTL_ENABLE_DEBUG_INFO = NO;
				SDKROOT = macosx;
			};
			name = Release;
		};
		4A40C00E1CE58FE5001B6A68 /* Debug */ = {
			isa = XCBuildConfiguration;
			buildSettings = {
				ASSETCATALOG_COMPILER_APPICON_NAME = AppIcon;
				COMBINE_HIDPI_IMAGES = YES;
				INFOPLIST_FILE = fpgasim/Info.plist;
				LD_RUNPATH_SEARCH_PATHS = "$(inherited) @executable_path/../Frameworks";
				PRODUCT_BUNDLE_IDENTIFIER = com.teamten.fpgasim;
				PRODUCT_NAME = "$(TARGET_NAME)";
			};
			name = Debug;
		};
		4A40C00F1CE58FE5001B6A68 /* Release */ = {
			isa = XCBuildConfiguration;
			buildSettings = {
				ASSETCATALOG_COMPILER_APPICON_NAME = AppIcon;
				COMBINE_HIDPI_IMAGES = YES;
				INFOPLIST_FILE = fpgasim/Info.plist;
				LD_RUNPATH_SEARCH_PATHS = "$(inherited) @executable_path/../Frameworks";
				PRODUCT_BUNDLE_IDENTIFIER = com.teamten.fpgasim;
				PRODUCT_NAME = "$(TARGET_NAME)";
			};
			name = Release;
		};
/* End XCBuildConfiguration section */

/* Begin XCConfigurationList section */
		4A40BFF41CE58FE5001B6A68 /* Build configuration list for PBXProject "fpgasim" */ = {
			isa = XCConfigurationList;
			buildConfigurations = (
				4A40C00B1CE58FE5001B6A68 /* Debug */,
				4A40C00C1CE58FE5001B6A68 /* Release */,
			);
			defaultConfigurationIsVisible = 0;
			defaultConfigurationName = Release;
		};
		4A40C00D1CE58FE5001B6A68 /* Build configuration list for PBXNativeTarget "fpgasim" */ = {
			isa = XCConfigurationList;
			buildConfigurations = (
				4A40C00E1CE58FE5001B6A68 /* Debug */,
				4A40C00F1CE58FE5001B6A68 /* Release */,
			);
			defaultConfigurationIsVisible = 0;
			defaultConfigurationName = Release;
		};
/* End XCConfigurationList section */
	};
	rootObject = 4A40BFF11CE58FE5001B6A68 /* Project object */;
}
